// !$*UTF8*$!
{
	archiveVersion = 1;
	classes = {
	};
	objectVersion = 46;
	objects = {

/* Begin PBXBuildFile section */
		F89CB9F11C8F349100529B58 /* AppDelegate.swift in Sources */ = {isa = PBXBuildFile; fileRef = F89CB9F01C8F349100529B58 /* AppDelegate.swift */; };
		F89CB9F31C8F349100529B58 /* ViewController.swift in Sources */ = {isa = PBXBuildFile; fileRef = F89CB9F21C8F349100529B58 /* ViewController.swift */; };
		F89CB9F61C8F349100529B58 /* Main.storyboard in Resources */ = {isa = PBXBuildFile; fileRef = F89CB9F41C8F349100529B58 /* Main.storyboard */; };
		F89CB9F81C8F349100529B58 /* Assets.xcassets in Resources */ = {isa = PBXBuildFile; fileRef = F89CB9F71C8F349100529B58 /* Assets.xcassets */; };
		F89CB9FB1C8F349100529B58 /* LaunchScreen.storyboard in Resources */ = {isa = PBXBuildFile; fileRef = F89CB9F91C8F349100529B58 /* LaunchScreen.storyboard */; };
		F8AC79DA1C91CDB4008AB100 /* PostModel.swift in Sources */ = {isa = PBXBuildFile; fileRef = F8AC79D91C91CDB4008AB100 /* PostModel.swift */; };
		F8AC79DC1C91E419008AB100 /* ProfileModel.swift in Sources */ = {isa = PBXBuildFile; fileRef = F8AC79DB1C91E419008AB100 /* ProfileModel.swift */; };
		F8AC79DE1C921C6A008AB100 /* ProfileController.swift in Sources */ = {isa = PBXBuildFile; fileRef = F8AC79DD1C921C6A008AB100 /* ProfileController.swift */; };
		F8AC79E01C92402E008AB100 /* FeedController.swift in Sources */ = {isa = PBXBuildFile; fileRef = F8AC79DF1C92402E008AB100 /* FeedController.swift */; };
/* End PBXBuildFile section */

/* Begin PBXFileReference section */
		F89CB9ED1C8F349100529B58 /* Instamash.app */ = {isa = PBXFileReference; explicitFileType = wrapper.application; includeInIndex = 0; path = Instamash.app; sourceTree = BUILT_PRODUCTS_DIR; };
		F89CB9F01C8F349100529B58 /* AppDelegate.swift */ = {isa = PBXFileReference; lastKnownFileType = sourcecode.swift; path = AppDelegate.swift; sourceTree = "<group>"; };
		F89CB9F21C8F349100529B58 /* ViewController.swift */ = {isa = PBXFileReference; lastKnownFileType = sourcecode.swift; path = ViewController.swift; sourceTree = "<group>"; };
		F89CB9F51C8F349100529B58 /* Base */ = {isa = PBXFileReference; lastKnownFileType = file.storyboard; name = Base; path = Base.lproj/Main.storyboard; sourceTree = "<group>"; };
		F89CB9F71C8F349100529B58 /* Assets.xcassets */ = {isa = PBXFileReference; lastKnownFileType = folder.assetcatalog; path = Assets.xcassets; sourceTree = "<group>"; };
		F89CB9FA1C8F349100529B58 /* Base */ = {isa = PBXFileReference; lastKnownFileType = file.storyboard; name = Base; path = Base.lproj/LaunchScreen.storyboard; sourceTree = "<group>"; };
		F89CB9FC1C8F349100529B58 /* Info.plist */ = {isa = PBXFileReference; lastKnownFileType = text.plist.xml; path = Info.plist; sourceTree = "<group>"; };
		F8AC79D91C91CDB4008AB100 /* PostModel.swift */ = {isa = PBXFileReference; fileEncoding = 4; lastKnownFileType = sourcecode.swift; path = PostModel.swift; sourceTree = "<group>"; };
		F8AC79DB1C91E419008AB100 /* ProfileModel.swift */ = {isa = PBXFileReference; fileEncoding = 4; lastKnownFileType = sourcecode.swift; path = ProfileModel.swift; sourceTree = "<group>"; };
		F8AC79DD1C921C6A008AB100 /* ProfileController.swift */ = {isa = PBXFileReference; fileEncoding = 4; lastKnownFileType = sourcecode.swift; path = ProfileController.swift; sourceTree = "<group>"; };
		F8AC79DF1C92402E008AB100 /* FeedController.swift */ = {isa = PBXFileReference; fileEncoding = 4; lastKnownFileType = sourcecode.swift; path = FeedController.swift; sourceTree = "<group>"; };
/* End PBXFileReference section */

/* Begin PBXFrameworksBuildPhase section */
		F89CB9EA1C8F349100529B58 /* Frameworks */ = {
			isa = PBXFrameworksBuildPhase;
			buildActionMask = 2147483647;
			files = (
			);
			runOnlyForDeploymentPostprocessing = 0;
		};
/* End PBXFrameworksBuildPhase section */

/* Begin PBXGroup section */
		F89CB9E41C8F349100529B58 = {
			isa = PBXGroup;
			children = (
				F89CB9EF1C8F349100529B58 /* Instamash */,
				F89CB9EE1C8F349100529B58 /* Products */,
			);
			sourceTree = "<group>";
		};
		F89CB9EE1C8F349100529B58 /* Products */ = {
			isa = PBXGroup;
			children = (
				F89CB9ED1C8F349100529B58 /* Instamash.app */,
			);
			name = Products;
			sourceTree = "<group>";
		};
		F89CB9EF1C8F349100529B58 /* Instamash */ = {
			isa = PBXGroup;
			children = (
				F8AC79D81C91CD8F008AB100 /* View */,
				F8AC79D71C91CD83008AB100 /* Controller */,
				F8AC79D61C91CD26008AB100 /* Model */,
				F89CB9F01C8F349100529B58 /* AppDelegate.swift */,
				F89CB9F21C8F349100529B58 /* ViewController.swift */,
				F89CB9F41C8F349100529B58 /* Main.storyboard */,
				F89CB9F71C8F349100529B58 /* Assets.xcassets */,
				F89CB9F91C8F349100529B58 /* LaunchScreen.storyboard */,
				F89CB9FC1C8F349100529B58 /* Info.plist */,
			);
			path = Instamash;
			sourceTree = "<group>";
		};
		F8AC79D61C91CD26008AB100 /* Model */ = {
			isa = PBXGroup;
			children = (
				F8AC79D91C91CDB4008AB100 /* PostModel.swift */,
				F8AC79DB1C91E419008AB100 /* ProfileModel.swift */,
			);
			name = Model;
			sourceTree = "<group>";
		};
		F8AC79D71C91CD83008AB100 /* Controller */ = {
			isa = PBXGroup;
			children = (
				F8AC79DD1C921C6A008AB100 /* ProfileController.swift */,
				F8AC79DF1C92402E008AB100 /* FeedController.swift */,
			);
			name = Controller;
			sourceTree = "<group>";
		};
		F8AC79D81C91CD8F008AB100 /* View */ = {
			isa = PBXGroup;
			children = (
			);
			name = View;
			sourceTree = "<group>";
		};
/* End PBXGroup section */

/* Begin PBXNativeTarget section */
		F89CB9EC1C8F349100529B58 /* Instamash */ = {
			isa = PBXNativeTarget;
			buildConfigurationList = F89CB9FF1C8F349100529B58 /* Build configuration list for PBXNativeTarget "Instamash" */;
			buildPhases = (
				F89CB9E91C8F349100529B58 /* Sources */,
				F89CB9EA1C8F349100529B58 /* Frameworks */,
				F89CB9EB1C8F349100529B58 /* Resources */,
			);
			buildRules = (
			);
			dependencies = (
			);
			name = Instamash;
			productName = Instamash;
			productReference = F89CB9ED1C8F349100529B58 /* Instamash.app */;
			productType = "com.apple.product-type.application";
		};
/* End PBXNativeTarget section */

/* Begin PBXProject section */
		F89CB9E51C8F349100529B58 /* Project object */ = {
			isa = PBXProject;
			attributes = {
				LastSwiftUpdateCheck = 0710;
				LastUpgradeCheck = 0710;
				ORGANIZATIONNAME = "anish home";
				TargetAttributes = {
					F89CB9EC1C8F349100529B58 = {
						CreatedOnToolsVersion = 7.1;
					};
				};
			};
			buildConfigurationList = F89CB9E81C8F349100529B58 /* Build configuration list for PBXProject "Instamash" */;
			compatibilityVersion = "Xcode 3.2";
			developmentRegion = English;
			hasScannedForEncodings = 0;
			knownRegions = (
				en,
				Base,
			);
			mainGroup = F89CB9E41C8F349100529B58;
			productRefGroup = F89CB9EE1C8F349100529B58 /* Products */;
			projectDirPath = "";
			projectRoot = "";
			targets = (
				F89CB9EC1C8F349100529B58 /* Instamash */,
			);
		};
/* End PBXProject section */

/* Begin PBXResourcesBuildPhase section */
		F89CB9EB1C8F349100529B58 /* Resources */ = {
			isa = PBXResourcesBuildPhase;
			buildActionMask = 2147483647;
			files = (
				F89CB9FB1C8F349100529B58 /* LaunchScreen.storyboard in Resources */,
				F89CB9F81C8F349100529B58 /* Assets.xcassets in Resources */,
				F89CB9F61C8F349100529B58 /* Main.storyboard in Resources */,
			);
			runOnlyForDeploymentPostprocessing = 0;
		};
/* End PBXResourcesBuildPhase section */

/* Begin PBXSourcesBuildPhase section */
		F89CB9E91C8F349100529B58 /* Sources */ = {
			isa = PBXSourcesBuildPhase;
			buildActionMask = 2147483647;
			files = (
				F8AC79DE1C921C6A008AB100 /* ProfileController.swift in Sources */,
				F8AC79E01C92402E008AB100 /* FeedController.swift in Sources */,
				F89CB9F31C8F349100529B58 /* ViewController.swift in Sources */,
				F8AC79DA1C91CDB4008AB100 /* PostModel.swift in Sources */,
				F89CB9F11C8F349100529B58 /* AppDelegate.swift in Sources */,
				F8AC79DC1C91E419008AB100 /* ProfileModel.swift in Sources */,
			);
			runOnlyForDeploymentPostprocessing = 0;
		};
/* End PBXSourcesBuildPhase section */

/* Begin PBXVariantGroup section */
		F89CB9F41C8F349100529B58 /* Main.storyboard */ = {
			isa = PBXVariantGroup;
			children = (
				F89CB9F51C8F349100529B58 /* Base */,
			);
			name = Main.storyboard;
			sourceTree = "<group>";
		};
		F89CB9F91C8F349100529B58 /* LaunchScreen.storyboard */ = {
			isa = PBXVariantGroup;
			children = (
				F89CB9FA1C8F349100529B58 /* Base */,
			);
			name = LaunchScreen.storyboard;
			sourceTree = "<group>";
		};
/* End PBXVariantGroup section */

/* Begin XCBuildConfiguration section */
		F89CB9FD1C8F349100529B58 /* Debug */ = {
			isa = XCBuildConfiguration;
			buildSettings = {
				ALWAYS_SEARCH_USER_PATHS = NO;
				CLANG_CXX_LANGUAGE_STANDARD = "gnu++0x";
				CLANG_CXX_LIBRARY = "libc++";
				CLANG_ENABLE_MODULES = YES;
				CLANG_ENABLE_OBJC_ARC = YES;
				CLANG_WARN_BOOL_CONVERSION = YES;
				CLANG_WARN_CONSTANT_CONVERSION = YES;
				CLANG_WARN_DIRECT_OBJC_ISA_USAGE = YES_ERROR;
				CLANG_WARN_EMPTY_BODY = YES;
				CLANG_WARN_ENUM_CONVERSION = YES;
				CLANG_WARN_INT_CONVERSION = YES;
				CLANG_WARN_OBJC_ROOT_CLASS = YES_ERROR;
				CLANG_WARN_UNREACHABLE_CODE = YES;
				CLANG_WARN__DUPLICATE_METHOD_MATCH = YES;
				"CODE_SIGN_IDENTITY[sdk=iphoneos*]" = "iPhone Developer";
				COPY_PHASE_STRIP = NO;
				DEBUG_INFORMATION_FORMAT = dwarf;
				ENABLE_STRICT_OBJC_MSGSEND = YES;
				ENABLE_TESTABILITY = YES;
				GCC_C_LANGUAGE_STANDARD = gnu99;
				GCC_DYNAMIC_NO_PIC = NO;
				GCC_NO_COMMON_BLOCKS = YES;
				GCC_OPTIMIZATION_LEVEL = 0;
				GCC_PREPROCESSOR_DEFINITIONS = (
					"DEBUG=1",
					"$(inherited)",
				);
				GCC_WARN_64_TO_32_BIT_CONVERSION = YES;
				GCC_WARN_ABOUT_RETURN_TYPE = YES_ERROR;
				GCC_WARN_UNDECLARED_SELECTOR = YES;
				GCC_WARN_UNINITIALIZED_AUTOS = YES_AGGRESSIVE;
				GCC_WARN_UNUSED_FUNCTION = YES;
				GCC_WARN_UNUSED_VARIABLE = YES;
				IPHONEOS_DEPLOYMENT_TARGET = 9.1;
				MTL_ENABLE_DEBUG_INFO = YES;
				ONLY_ACTIVE_ARCH = YES;
				SDKROOT = iphoneos;
				SWIFT_OPTIMIZATION_LEVEL = "-Onone";
			};
			name = Debug;
		};
		F89CB9FE1C8F349100529B58 /* Release */ = {
			isa = XCBuildConfiguration;
			buildSettings = {
				ALWAYS_SEARCH_USER_PATHS = NO;
				CLANG_CXX_LANGUAGE_STANDARD = "gnu++0x";
				CLANG_CXX_LIBRARY = "libc++";
				CLANG_ENABLE_MODULES = YES;
				CLANG_ENABLE_OBJC_ARC = YES;
				CLANG_WARN_BOOL_CONVERSION = YES;
				CLANG_WARN_CONSTANT_CONVERSION = YES;
				CLANG_WARN_DIRECT_OBJC_ISA_USAGE = YES_ERROR;
				CLANG_WARN_EMPTY_BODY = YES;
				CLANG_WARN_ENUM_CONVERSION = YES;
				CLANG_WARN_INT_CONVERSION = YES;
				CLANG_WARN_OBJC_ROOT_CLASS = YES_ERROR;
				CLANG_WARN_UNREACHABLE_CODE = YES;
				CLANG_WARN__DUPLICATE_METHOD_MATCH = YES;
				"CODE_SIGN_IDENTITY[sdk=iphoneos*]" = "iPhone Developer";
				COPY_PHASE_STRIP = NO;
				DEBUG_INFORMATION_FORMAT = "dwarf-with-dsym";
				ENABLE_NS_ASSERTIONS = NO;
				ENABLE_STRICT_OBJC_MSGSEND = YES;
				GCC_C_LANGUAGE_STANDARD = gnu99;
				GCC_NO_COMMON_BLOCKS = YES;
				GCC_WARN_64_TO_32_BIT_CONVERSION = YES;
				GCC_WARN_ABOUT_RETURN_TYPE = YES_ERROR;
				GCC_WARN_UNDECLARED_SELECTOR = YES;
				GCC_WARN_UNINITIALIZED_AUTOS = YES_AGGRESSIVE;
				GCC_WARN_UNUSED_FUNCTION = YES;
				GCC_WARN_UNUSED_VARIABLE = YES;
				IPHONEOS_DEPLOYMENT_TARGET = 9.1;
				MTL_ENABLE_DEBUG_INFO = NO;
				SDKROOT = iphoneos;
				VALIDATE_PRODUCT = YES;
			};
			name = Release;
		};
		F89CBA001C8F349100529B58 /* Debug */ = {
			isa = XCBuildConfiguration;
			buildSettings = {
				ASSETCATALOG_COMPILER_APPICON_NAME = AppIcon;
				INFOPLIST_FILE = Instamash/Info.plist;
				LD_RUNPATH_SEARCH_PATHS = "$(inherited) @executable_path/Frameworks";
				PRODUCT_BUNDLE_IDENTIFIER = anishhallan.Instamash;
				PRODUCT_NAME = "$(TARGET_NAME)";
			};
			name = Debug;
		};
		F89CBA011C8F349100529B58 /* Release */ = {
			isa = XCBuildConfiguration;
			buildSettings = {
				ASSETCATALOG_COMPILER_APPICON_NAME = AppIcon;
				INFOPLIST_FILE = Instamash/Info.plist;
				LD_RUNPATH_SEARCH_PATHS = "$(inherited) @executable_path/Frameworks";
				PRODUCT_BUNDLE_IDENTIFIER = anishhallan.Instamash;
				PRODUCT_NAME = "$(TARGET_NAME)";
			};
			name = Release;
		};
/* End XCBuildConfiguration section */

/* Begin XCConfigurationList section */
		F89CB9E81C8F349100529B58 /* Build configuration list for PBXProject "Instamash" */ = {
			isa = XCConfigurationList;
			buildConfigurations = (
				F89CB9FD1C8F349100529B58 /* Debug */,
				F89CB9FE1C8F349100529B58 /* Release */,
			);
			defaultConfigurationIsVisible = 0;
			defaultConfigurationName = Release;
		};
		F89CB9FF1C8F349100529B58 /* Build configuration list for PBXNativeTarget "Instamash" */ = {
			isa = XCConfigurationList;
			buildConfigurations = (
				F89CBA001C8F349100529B58 /* Debug */,
				F89CBA011C8F349100529B58 /* Release */,
			);
			defaultConfigurationIsVisible = 0;
			defaultConfigurationName = Release;
		};
/* End XCConfigurationList section */
	};
	rootObject = F89CB9E51C8F349100529B58 /* Project object */;
}
